
Microsoft Visual Studio Solution File, Format Version 12.00
# Visual Studio Version 16
VisualStudioVersion = 16.0.29519.87
MinimumVisualStudioVersion = 10.0.40219.1
Project("{2150E333-8FDC-42A3-9474-1A3956D46DE8}") = "Learning", "Learning", "{77103E28-41BB-440F-B5F6-BDFE9956F428}"
EndProject
Project("{9A19103F-16F7-4668-BE54-9A1E7A4F7556}") = "Testing", "Learning\Testing\Testing.csproj", "{168287F1-11B7-48B6-80E4-6FCEE2B233B6}"
EndProject
Project("{9A19103F-16F7-4668-BE54-9A1E7A4F7556}") = "App.Query", "Learning\App.Query\App.Query.csproj", "{31B7DC71-716F-4F02-908C-CB0D5723D3AB}"
EndProject
Project("{9A19103F-16F7-4668-BE54-9A1E7A4F7556}") = "App.Query.Test", "Learning\App.Query.Test\App.Query.Test.csproj", "{81DCCA6D-CD40-415C-9AEF-2C29FC41404D}"
EndProject
Project("{9A19103F-16F7-4668-BE54-9A1E7A4F7556}") = "App.Data", "Learning\App.Data\App.Data.csproj", "{4701BA71-8B48-4B89-A2F8-4733E908EAF6}"
EndProject
Project("{9A19103F-16F7-4668-BE54-9A1E7A4F7556}") = "App.Data.Test", "Learning\App.Data.Test\App.Data.Test.csproj", "{A1425774-6BB2-4629-9AB4-22F71BFD117B}"
EndProject
Project("{2150E333-8FDC-42A3-9474-1A3956D46DE8}") = "Exam", "Exam", "{A600B452-4164-4F9B-B316-E26D2EEC3F2B}"
EndProject
Project("{9A19103F-16F7-4668-BE54-9A1E7A4F7556}") = "Grestau.Data", "Exam\Grestau.Data\Grestau.Data.csproj", "{10AE8EA2-F29F-4908-8ED9-8D2C6BF28E9F}"
EndProject
Project("{9A19103F-16F7-4668-BE54-9A1E7A4F7556}") = "Grestau.Data.Test", "Exam\Grestau.Data.Test\Grestau.Data.Test.csproj", "{98504CF6-FB4E-4091-B6F2-A46B35F21166}"
	ProjectSection(ProjectDependencies) = postProject
		{10AE8EA2-F29F-4908-8ED9-8D2C6BF28E9F} = {10AE8EA2-F29F-4908-8ED9-8D2C6BF28E9F}
	EndProjectSection
EndProject
Project("{FAE04EC0-301F-11D3-BF4B-00C04F79EFBC}") = "Grestau.Web", "Exam\Grestau.Web\Grestau.Web.csproj", "{E5C872A7-91F1-4176-AECF-7654904DFB98}"
EndProject
Global
	GlobalSection(SolutionConfigurationPlatforms) = preSolution
		Debug|Any CPU = Debug|Any CPU
		Release|Any CPU = Release|Any CPU
	EndGlobalSection
	GlobalSection(ProjectConfigurationPlatforms) = postSolution
		{168287F1-11B7-48B6-80E4-6FCEE2B233B6}.Debug|Any CPU.ActiveCfg = Debug|Any CPU
		{168287F1-11B7-48B6-80E4-6FCEE2B233B6}.Debug|Any CPU.Build.0 = Debug|Any CPU
		{168287F1-11B7-48B6-80E4-6FCEE2B233B6}.Release|Any CPU.ActiveCfg = Release|Any CPU
		{168287F1-11B7-48B6-80E4-6FCEE2B233B6}.Release|Any CPU.Build.0 = Release|Any CPU
		{31B7DC71-716F-4F02-908C-CB0D5723D3AB}.Debug|Any CPU.ActiveCfg = Debug|Any CPU
		{31B7DC71-716F-4F02-908C-CB0D5723D3AB}.Debug|Any CPU.Build.0 = Debug|Any CPU
		{31B7DC71-716F-4F02-908C-CB0D5723D3AB}.Release|Any CPU.ActiveCfg = Release|Any CPU
		{31B7DC71-716F-4F02-908C-CB0D5723D3AB}.Release|Any CPU.Build.0 = Release|Any CPU
		{81DCCA6D-CD40-415C-9AEF-2C29FC41404D}.Debug|Any CPU.ActiveCfg = Debug|Any CPU
		{81DCCA6D-CD40-415C-9AEF-2C29FC41404D}.Debug|Any CPU.Build.0 = Debug|Any CPU
		{81DCCA6D-CD40-415C-9AEF-2C29FC41404D}.Release|Any CPU.ActiveCfg = Release|Any CPU
		{81DCCA6D-CD40-415C-9AEF-2C29FC41404D}.Release|Any CPU.Build.0 = Release|Any CPU
		{4701BA71-8B48-4B89-A2F8-4733E908EAF6}.Debug|Any CPU.ActiveCfg = Debug|Any CPU
		{4701BA71-8B48-4B89-A2F8-4733E908EAF6}.Debug|Any CPU.Build.0 = Debug|Any CPU
		{4701BA71-8B48-4B89-A2F8-4733E908EAF6}.Release|Any CPU.ActiveCfg = Release|Any CPU
		{4701BA71-8B48-4B89-A2F8-4733E908EAF6}.Release|Any CPU.Build.0 = Release|Any CPU
		{A1425774-6BB2-4629-9AB4-22F71BFD117B}.Debug|Any CPU.ActiveCfg = Debug|Any CPU
		{A1425774-6BB2-4629-9AB4-22F71BFD117B}.Debug|Any CPU.Build.0 = Debug|Any CPU
		{A1425774-6BB2-4629-9AB4-22F71BFD117B}.Release|Any CPU.ActiveCfg = Release|Any CPU
		{A1425774-6BB2-4629-9AB4-22F71BFD117B}.Release|Any CPU.Build.0 = Release|Any CPU
		{10AE8EA2-F29F-4908-8ED9-8D2C6BF28E9F}.Debug|Any CPU.ActiveCfg = Debug|Any CPU
		{10AE8EA2-F29F-4908-8ED9-8D2C6BF28E9F}.Debug|Any CPU.Build.0 = Debug|Any CPU
		{10AE8EA2-F29F-4908-8ED9-8D2C6BF28E9F}.Release|Any CPU.ActiveCfg = Release|Any CPU
		{10AE8EA2-F29F-4908-8ED9-8D2C6BF28E9F}.Release|Any CPU.Build.0 = Release|Any CPU
		{98504CF6-FB4E-4091-B6F2-A46B35F21166}.Debug|Any CPU.ActiveCfg = Debug|Any CPU
		{98504CF6-FB4E-4091-B6F2-A46B35F21166}.Debug|Any CPU.Build.0 = Debug|Any CPU
		{98504CF6-FB4E-4091-B6F2-A46B35F21166}.Release|Any CPU.ActiveCfg = Release|Any CPU
		{98504CF6-FB4E-4091-B6F2-A46B35F21166}.Release|Any CPU.Build.0 = Release|Any CPU
		{E5C872A7-91F1-4176-AECF-7654904DFB98}.Debug|Any CPU.ActiveCfg = Debug|Any CPU
		{E5C872A7-91F1-4176-AECF-7654904DFB98}.Debug|Any CPU.Build.0 = Debug|Any CPU
		{E5C872A7-91F1-4176-AECF-7654904DFB98}.Release|Any CPU.ActiveCfg = Release|Any CPU
		{E5C872A7-91F1-4176-AECF-7654904DFB98}.Release|Any CPU.Build.0 = Release|Any CPU
	EndGlobalSection
	GlobalSection(SolutionProperties) = preSolution
		HideSolutionNode = FALSE
	EndGlobalSection
	GlobalSection(NestedProjects) = preSolution
		{168287F1-11B7-48B6-80E4-6FCEE2B233B6} = {77103E28-41BB-440F-B5F6-BDFE9956F428}
		{31B7DC71-716F-4F02-908C-CB0D5723D3AB} = {77103E28-41BB-440F-B5F6-BDFE9956F428}
		{81DCCA6D-CD40-415C-9AEF-2C29FC41404D} = {77103E28-41BB-440F-B5F6-BDFE9956F428}
		{4701BA71-8B48-4B89-A2F8-4733E908EAF6} = {77103E28-41BB-440F-B5F6-BDFE9956F428}
		{A1425774-6BB2-4629-9AB4-22F71BFD117B} = {77103E28-41BB-440F-B5F6-BDFE9956F428}
		{10AE8EA2-F29F-4908-8ED9-8D2C6BF28E9F} = {A600B452-4164-4F9B-B316-E26D2EEC3F2B}
		{98504CF6-FB4E-4091-B6F2-A46B35F21166} = {A600B452-4164-4F9B-B316-E26D2EEC3F2B}
		{E5C872A7-91F1-4176-AECF-7654904DFB98} = {A600B452-4164-4F9B-B316-E26D2EEC3F2B}
	EndGlobalSection
	GlobalSection(ExtensibilityGlobals) = postSolution
		SolutionGuid = {A1F35E5E-4678-4AC9-9487-A06CBE811E18}
	EndGlobalSection
EndGlobal
