
Microsoft Visual Studio Solution File, Format Version 12.00
# Visual Studio Version 16
VisualStudioVersion = 16.0.29519.87
MinimumVisualStudioVersion = 10.0.40219.1
Project("{9A19103F-16F7-4668-BE54-9A1E7A4F7556}") = "Testing", "Testing\Testing.csproj", "{168287F1-11B7-48B6-80E4-6FCEE2B233B6}"
EndProject
Project("{9A19103F-16F7-4668-BE54-9A1E7A4F7556}") = "App.Query", "App.Query\App.Query.csproj", "{31B7DC71-716F-4F02-908C-CB0D5723D3AB}"
EndProject
Project("{9A19103F-16F7-4668-BE54-9A1E7A4F7556}") = "App.Query.Test", "App.Query.Test\App.Query.Test.csproj", "{81DCCA6D-CD40-415C-9AEF-2C29FC41404D}"
EndProject
Project("{9A19103F-16F7-4668-BE54-9A1E7A4F7556}") = "App.Data", "App.Data\App.Data.csproj", "{4701BA71-8B48-4B89-A2F8-4733E908EAF6}"
EndProject
Project("{9A19103F-16F7-4668-BE54-9A1E7A4F7556}") = "App.Data.Test", "App.Data.Test\App.Data.Test.csproj", "{A1425774-6BB2-4629-9AB4-22F71BFD117B}"
EndProject
Project("{9A19103F-16F7-4668-BE54-9A1E7A4F7556}") = "WebApplication", "WebApplication\WebApplication.csproj", "{19E27EC6-8B3B-42B8-B7DF-B965EA42685A}"
EndProject
Project("{2150E333-8FDC-42A3-9474-1A3956D46DE8}") = "Exam", "Exam", "{A600B452-4164-4F9B-B316-E26D2EEC3F2B}"
EndProject
Project("{9A19103F-16F7-4668-BE54-9A1E7A4F7556}") = "Grestau", "Grestau\Grestau.csproj", "{2552C28D-D237-459C-8A32-8A72DEDA6BA0}"
EndProject
Project("{2150E333-8FDC-42A3-9474-1A3956D46DE8}") = "Learning", "Learning", "{77103E28-41BB-440F-B5F6-BDFE9956F428}"
EndProject
Project("{FAE04EC0-301F-11D3-BF4B-00C04F79EFBC}") = "Grestau.Data.Test", "Grestau.Data.Test\Grestau.Data.Test.csproj", "{42FE17C4-DC35-4BB2-AAED-D6F0F1B2C389}"
EndProject
Project("{FAE04EC0-301F-11D3-BF4B-00C04F79EFBC}") = "Grestau.Data", "Grestau.Data\Grestau.Data.csproj", "{10AE8EA2-F29F-4908-8ED9-8D2C6BF28E9F}"
EndProject
Global
	GlobalSection(SolutionConfigurationPlatforms) = preSolution
		Debug|Any CPU = Debug|Any CPU
		Release|Any CPU = Release|Any CPU
	EndGlobalSection
	GlobalSection(ProjectConfigurationPlatforms) = postSolution
		{168287F1-11B7-48B6-80E4-6FCEE2B233B6}.Debug|Any CPU.ActiveCfg = Debug|Any CPU
		{168287F1-11B7-48B6-80E4-6FCEE2B233B6}.Debug|Any CPU.Build.0 = Debug|Any CPU
		{168287F1-11B7-48B6-80E4-6FCEE2B233B6}.Release|Any CPU.ActiveCfg = Release|Any CPU
		{168287F1-11B7-48B6-80E4-6FCEE2B233B6}.Release|Any CPU.Build.0 = Release|Any CPU
		{31B7DC71-716F-4F02-908C-CB0D5723D3AB}.Debug|Any CPU.ActiveCfg = Debug|Any CPU
		{31B7DC71-716F-4F02-908C-CB0D5723D3AB}.Debug|Any CPU.Build.0 = Debug|Any CPU
		{31B7DC71-716F-4F02-908C-CB0D5723D3AB}.Release|Any CPU.ActiveCfg = Release|Any CPU
		{31B7DC71-716F-4F02-908C-CB0D5723D3AB}.Release|Any CPU.Build.0 = Release|Any CPU
		{81DCCA6D-CD40-415C-9AEF-2C29FC41404D}.Debug|Any CPU.ActiveCfg = Debug|Any CPU
		{81DCCA6D-CD40-415C-9AEF-2C29FC41404D}.Debug|Any CPU.Build.0 = Debug|Any CPU
		{81DCCA6D-CD40-415C-9AEF-2C29FC41404D}.Release|Any CPU.ActiveCfg = Release|Any CPU
		{81DCCA6D-CD40-415C-9AEF-2C29FC41404D}.Release|Any CPU.Build.0 = Release|Any CPU
		{4701BA71-8B48-4B89-A2F8-4733E908EAF6}.Debug|Any CPU.ActiveCfg = Debug|Any CPU
		{4701BA71-8B48-4B89-A2F8-4733E908EAF6}.Debug|Any CPU.Build.0 = Debug|Any CPU
		{4701BA71-8B48-4B89-A2F8-4733E908EAF6}.Release|Any CPU.ActiveCfg = Release|Any CPU
		{4701BA71-8B48-4B89-A2F8-4733E908EAF6}.Release|Any CPU.Build.0 = Release|Any CPU
		{A1425774-6BB2-4629-9AB4-22F71BFD117B}.Debug|Any CPU.ActiveCfg = Debug|Any CPU
		{A1425774-6BB2-4629-9AB4-22F71BFD117B}.Debug|Any CPU.Build.0 = Debug|Any CPU
		{A1425774-6BB2-4629-9AB4-22F71BFD117B}.Release|Any CPU.ActiveCfg = Release|Any CPU
		{A1425774-6BB2-4629-9AB4-22F71BFD117B}.Release|Any CPU.Build.0 = Release|Any CPU
		{19E27EC6-8B3B-42B8-B7DF-B965EA42685A}.Debug|Any CPU.ActiveCfg = Debug|Any CPU
		{19E27EC6-8B3B-42B8-B7DF-B965EA42685A}.Debug|Any CPU.Build.0 = Debug|Any CPU
		{19E27EC6-8B3B-42B8-B7DF-B965EA42685A}.Release|Any CPU.ActiveCfg = Release|Any CPU
		{19E27EC6-8B3B-42B8-B7DF-B965EA42685A}.Release|Any CPU.Build.0 = Release|Any CPU
		{2552C28D-D237-459C-8A32-8A72DEDA6BA0}.Debug|Any CPU.ActiveCfg = Debug|Any CPU
		{2552C28D-D237-459C-8A32-8A72DEDA6BA0}.Debug|Any CPU.Build.0 = Debug|Any CPU
		{2552C28D-D237-459C-8A32-8A72DEDA6BA0}.Release|Any CPU.ActiveCfg = Release|Any CPU
		{2552C28D-D237-459C-8A32-8A72DEDA6BA0}.Release|Any CPU.Build.0 = Release|Any CPU
		{42FE17C4-DC35-4BB2-AAED-D6F0F1B2C389}.Debug|Any CPU.ActiveCfg = Debug|Any CPU
		{42FE17C4-DC35-4BB2-AAED-D6F0F1B2C389}.Debug|Any CPU.Build.0 = Debug|Any CPU
		{42FE17C4-DC35-4BB2-AAED-D6F0F1B2C389}.Release|Any CPU.ActiveCfg = Release|Any CPU
		{42FE17C4-DC35-4BB2-AAED-D6F0F1B2C389}.Release|Any CPU.Build.0 = Release|Any CPU
		{10AE8EA2-F29F-4908-8ED9-8D2C6BF28E9F}.Debug|Any CPU.ActiveCfg = Debug|Any CPU
		{10AE8EA2-F29F-4908-8ED9-8D2C6BF28E9F}.Debug|Any CPU.Build.0 = Debug|Any CPU
		{10AE8EA2-F29F-4908-8ED9-8D2C6BF28E9F}.Release|Any CPU.ActiveCfg = Release|Any CPU
		{10AE8EA2-F29F-4908-8ED9-8D2C6BF28E9F}.Release|Any CPU.Build.0 = Release|Any CPU
	EndGlobalSection
	GlobalSection(SolutionProperties) = preSolution
		HideSolutionNode = FALSE
	EndGlobalSection
	GlobalSection(NestedProjects) = preSolution
		{168287F1-11B7-48B6-80E4-6FCEE2B233B6} = {77103E28-41BB-440F-B5F6-BDFE9956F428}
		{31B7DC71-716F-4F02-908C-CB0D5723D3AB} = {77103E28-41BB-440F-B5F6-BDFE9956F428}
		{81DCCA6D-CD40-415C-9AEF-2C29FC41404D} = {77103E28-41BB-440F-B5F6-BDFE9956F428}
		{4701BA71-8B48-4B89-A2F8-4733E908EAF6} = {77103E28-41BB-440F-B5F6-BDFE9956F428}
		{A1425774-6BB2-4629-9AB4-22F71BFD117B} = {77103E28-41BB-440F-B5F6-BDFE9956F428}
		{19E27EC6-8B3B-42B8-B7DF-B965EA42685A} = {77103E28-41BB-440F-B5F6-BDFE9956F428}
		{2552C28D-D237-459C-8A32-8A72DEDA6BA0} = {A600B452-4164-4F9B-B316-E26D2EEC3F2B}
		{42FE17C4-DC35-4BB2-AAED-D6F0F1B2C389} = {A600B452-4164-4F9B-B316-E26D2EEC3F2B}
		{10AE8EA2-F29F-4908-8ED9-8D2C6BF28E9F} = {A600B452-4164-4F9B-B316-E26D2EEC3F2B}
	EndGlobalSection
	GlobalSection(ExtensibilityGlobals) = postSolution
		SolutionGuid = {A1F35E5E-4678-4AC9-9487-A06CBE811E18}
	EndGlobalSection
EndGlobal
